
Microsoft Visual Studio Solution File, Format Version 12.00
# Visual Studio Version 17
VisualStudioVersion = 17.4.33213.308
MinimumVisualStudioVersion = 10.0.40219.1
Project("{FAE04EC0-301F-11D3-BF4B-00C04F79EFBC}") = "oaip8laba", "oaip8laba\oaip8laba.csproj", "{CF8C169D-DF8E-42EA-91CB-1AEDA0E46F1C}"
EndProject
Global
	GlobalSection(SolutionConfigurationPlatforms) = preSolution
		Debug|Any CPU = Debug|Any CPU
		Release|Any CPU = Release|Any CPU
	EndGlobalSection
	GlobalSection(ProjectConfigurationPlatforms) = postSolution
		{CF8C169D-DF8E-42EA-91CB-1AEDA0E46F1C}.Debug|Any CPU.ActiveCfg = Debug|Any CPU
		{CF8C169D-DF8E-42EA-91CB-1AEDA0E46F1C}.Debug|Any CPU.Build.0 = Debug|Any CPU
		{CF8C169D-DF8E-42EA-91CB-1AEDA0E46F1C}.Release|Any CPU.ActiveCfg = Release|Any CPU
		{CF8C169D-DF8E-42EA-91CB-1AEDA0E46F1C}.Release|Any CPU.Build.0 = Release|Any CPU
	EndGlobalSection
	GlobalSection(SolutionProperties) = preSolution
		HideSolutionNode = FALSE
	EndGlobalSection
	GlobalSection(ExtensibilityGlobals) = postSolution
		SolutionGuid = {DF035651-344E-42D1-9B8D-3B6EAD980A86}
	EndGlobalSection
EndGlobal
